
Microsoft Visual Studio Solution File, Format Version 12.00
# Visual Studio Version 16
VisualStudioVersion = 16.0.30114.105
MinimumVisualStudioVersion = 10.0.40219.1
Project("{FAE04EC0-301F-11D3-BF4B-00C04F79EFBC}") = "ApiTest", "ApiTest\ApiTest.csproj", "{DC67D1FC-B421-4FF8-99D1-E460124621C0}"
EndProject
Project("{FAE04EC0-301F-11D3-BF4B-00C04F79EFBC}") = "Test", "Test\Test.csproj", "{B1E14972-CD90-4CCB-8098-9EE9C2AB1BEA}"
EndProject
Global
	GlobalSection(SolutionConfigurationPlatforms) = preSolution
		Debug|Any CPU = Debug|Any CPU
		Release|Any CPU = Release|Any CPU
	EndGlobalSection
	GlobalSection(SolutionProperties) = preSolution
		HideSolutionNode = FALSE
	EndGlobalSection
	GlobalSection(ProjectConfigurationPlatforms) = postSolution
		{DC67D1FC-B421-4FF8-99D1-E460124621C0}.Debug|Any CPU.ActiveCfg = Debug|Any CPU
		{DC67D1FC-B421-4FF8-99D1-E460124621C0}.Debug|Any CPU.Build.0 = Debug|Any CPU
		{DC67D1FC-B421-4FF8-99D1-E460124621C0}.Release|Any CPU.ActiveCfg = Release|Any CPU
		{DC67D1FC-B421-4FF8-99D1-E460124621C0}.Release|Any CPU.Build.0 = Release|Any CPU
		{B1E14972-CD90-4CCB-8098-9EE9C2AB1BEA}.Debug|Any CPU.ActiveCfg = Debug|Any CPU
		{B1E14972-CD90-4CCB-8098-9EE9C2AB1BEA}.Debug|Any CPU.Build.0 = Debug|Any CPU
		{B1E14972-CD90-4CCB-8098-9EE9C2AB1BEA}.Release|Any CPU.ActiveCfg = Release|Any CPU
		{B1E14972-CD90-4CCB-8098-9EE9C2AB1BEA}.Release|Any CPU.Build.0 = Release|Any CPU
	EndGlobalSection
EndGlobal
